
Microsoft Visual Studio Solution File, Format Version 12.00
# Visual Studio Version 16
VisualStudioVersion = 16.0.29519.181
MinimumVisualStudioVersion = 10.0.40219.1
Project("{FAE04EC0-301F-11D3-BF4B-00C04F79EFBC}") = "Ejercicios_Sobre_Archivos", "Ejercicios_Sobre_Archivos\Ejercicios_Sobre_Archivos.csproj", "{0E1D86F5-6CD4-4C29-8A2C-3A8C2E9FDF98}"
EndProject
Project("{FAE04EC0-301F-11D3-BF4B-00C04F79EFBC}") = "Ejercicio_1", "Ejercicio_1\Ejercicio_1.csproj", "{55F032F9-0915-4782-A342-FD1CB051E64F}"
EndProject
Global
	GlobalSection(SolutionConfigurationPlatforms) = preSolution
		Debug|Any CPU = Debug|Any CPU
		Release|Any CPU = Release|Any CPU
	EndGlobalSection
	GlobalSection(ProjectConfigurationPlatforms) = postSolution
		{0E1D86F5-6CD4-4C29-8A2C-3A8C2E9FDF98}.Debug|Any CPU.ActiveCfg = Debug|Any CPU
		{0E1D86F5-6CD4-4C29-8A2C-3A8C2E9FDF98}.Debug|Any CPU.Build.0 = Debug|Any CPU
		{0E1D86F5-6CD4-4C29-8A2C-3A8C2E9FDF98}.Release|Any CPU.ActiveCfg = Release|Any CPU
		{0E1D86F5-6CD4-4C29-8A2C-3A8C2E9FDF98}.Release|Any CPU.Build.0 = Release|Any CPU
		{55F032F9-0915-4782-A342-FD1CB051E64F}.Debug|Any CPU.ActiveCfg = Debug|Any CPU
		{55F032F9-0915-4782-A342-FD1CB051E64F}.Debug|Any CPU.Build.0 = Debug|Any CPU
		{55F032F9-0915-4782-A342-FD1CB051E64F}.Release|Any CPU.ActiveCfg = Release|Any CPU
		{55F032F9-0915-4782-A342-FD1CB051E64F}.Release|Any CPU.Build.0 = Release|Any CPU
	EndGlobalSection
	GlobalSection(SolutionProperties) = preSolution
		HideSolutionNode = FALSE
	EndGlobalSection
	GlobalSection(ExtensibilityGlobals) = postSolution
		SolutionGuid = {14A2A2DA-57F5-46DB-BA9B-977EB7437E13}
	EndGlobalSection
EndGlobal
